
Microsoft Visual Studio Solution File, Format Version 12.00
# Visual Studio Version 16
VisualStudioVersion = 16.0.32002.261
MinimumVisualStudioVersion = 10.0.40219.1
Project("{FAE04EC0-301F-11D3-BF4B-00C04F79EFBC}") = "TheLivingRemain_bhaptics", "TheLivingRemain_bhaptics.csproj", "{6951474D-2B34-43E3-8578-1204EABCEE79}"
EndProject
Global
	GlobalSection(SolutionConfigurationPlatforms) = preSolution
		Debug|Any CPU = Debug|Any CPU
		Release|Any CPU = Release|Any CPU
	EndGlobalSection
	GlobalSection(ProjectConfigurationPlatforms) = postSolution
		{6951474D-2B34-43E3-8578-1204EABCEE79}.Debug|Any CPU.ActiveCfg = Debug|Any CPU
		{6951474D-2B34-43E3-8578-1204EABCEE79}.Debug|Any CPU.Build.0 = Debug|Any CPU
		{6951474D-2B34-43E3-8578-1204EABCEE79}.Release|Any CPU.ActiveCfg = Release|Any CPU
		{6951474D-2B34-43E3-8578-1204EABCEE79}.Release|Any CPU.Build.0 = Release|Any CPU
	EndGlobalSection
	GlobalSection(SolutionProperties) = preSolution
		HideSolutionNode = FALSE
	EndGlobalSection
	GlobalSection(ExtensibilityGlobals) = postSolution
		SolutionGuid = {D85A92A6-7705-4C71-876F-3D3A7078A0D1}
	EndGlobalSection
EndGlobal
